
Microsoft Visual Studio Solution File, Format Version 12.00
# Visual Studio Version 17
VisualStudioVersion = 17.2.32630.192
MinimumVisualStudioVersion = 10.0.40219.1
Project("{9A19103F-16F7-4668-BE54-9A1E7A4F7556}") = "DnDMM", "DnDMM\DnDMM.csproj", "{4AA05B5F-0D10-479B-B973-07403E2FFC00}"
EndProject
Project("{FAE04EC0-301F-11D3-BF4B-00C04F79EFBC}") = "Spell.DTO", "Spell.DTO\Spell.DTO.csproj", "{8BA35439-72EC-4CEB-863E-AAC7D3E52E62}"
EndProject
Global
	GlobalSection(SolutionConfigurationPlatforms) = preSolution
		Debug|Any CPU = Debug|Any CPU
		Release|Any CPU = Release|Any CPU
	EndGlobalSection
	GlobalSection(ProjectConfigurationPlatforms) = postSolution
		{4AA05B5F-0D10-479B-B973-07403E2FFC00}.Debug|Any CPU.ActiveCfg = Debug|Any CPU
		{4AA05B5F-0D10-479B-B973-07403E2FFC00}.Debug|Any CPU.Build.0 = Debug|Any CPU
		{4AA05B5F-0D10-479B-B973-07403E2FFC00}.Release|Any CPU.ActiveCfg = Release|Any CPU
		{4AA05B5F-0D10-479B-B973-07403E2FFC00}.Release|Any CPU.Build.0 = Release|Any CPU
		{8BA35439-72EC-4CEB-863E-AAC7D3E52E62}.Debug|Any CPU.ActiveCfg = Debug|Any CPU
		{8BA35439-72EC-4CEB-863E-AAC7D3E52E62}.Debug|Any CPU.Build.0 = Debug|Any CPU
		{8BA35439-72EC-4CEB-863E-AAC7D3E52E62}.Release|Any CPU.ActiveCfg = Release|Any CPU
		{8BA35439-72EC-4CEB-863E-AAC7D3E52E62}.Release|Any CPU.Build.0 = Release|Any CPU
	EndGlobalSection
	GlobalSection(SolutionProperties) = preSolution
		HideSolutionNode = FALSE
	EndGlobalSection
	GlobalSection(ExtensibilityGlobals) = postSolution
		SolutionGuid = {C090C3FE-AC37-499B-8201-ADCCD8FB23C3}
	EndGlobalSection
EndGlobal
