
Microsoft Visual Studio Solution File, Format Version 12.00
# Visual Studio Version 17
VisualStudioVersion = 17.2.32630.192
MinimumVisualStudioVersion = 10.0.40219.1
Project("{FAE04EC0-301F-11D3-BF4B-00C04F79EFBC}") = "BOML_Project1", "BOML_Project1\BOML_Project1.csproj", "{09BCECDD-9F41-4C35-B8F5-17698BDCA6F6}"
EndProject
Global
	GlobalSection(SolutionConfigurationPlatforms) = preSolution
		Debug|Any CPU = Debug|Any CPU
		Release|Any CPU = Release|Any CPU
	EndGlobalSection
	GlobalSection(ProjectConfigurationPlatforms) = postSolution
		{09BCECDD-9F41-4C35-B8F5-17698BDCA6F6}.Debug|Any CPU.ActiveCfg = Debug|Any CPU
		{09BCECDD-9F41-4C35-B8F5-17698BDCA6F6}.Debug|Any CPU.Build.0 = Debug|Any CPU
		{09BCECDD-9F41-4C35-B8F5-17698BDCA6F6}.Release|Any CPU.ActiveCfg = Release|Any CPU
		{09BCECDD-9F41-4C35-B8F5-17698BDCA6F6}.Release|Any CPU.Build.0 = Release|Any CPU
	EndGlobalSection
	GlobalSection(SolutionProperties) = preSolution
		HideSolutionNode = FALSE
	EndGlobalSection
	GlobalSection(ExtensibilityGlobals) = postSolution
		SolutionGuid = {7D99F6FD-650D-4639-8045-948B4FE28568}
	EndGlobalSection
EndGlobal
